// !$*UTF8*$!
{
	archiveVersion = 1;
	classes = {
	};
	objectVersion = 56;
	objects = {

/* Begin PBXBuildFile section */
		AC2A6CEE2993E91500D53410 /* SocketService.swift in Sources */ = {isa = PBXBuildFile; fileRef = AC2A6CED2993E91500D53410 /* SocketService.swift */; };
		AC3C8FF129AA0CD1009D3461 /* ImageModifier.swift in Sources */ = {isa = PBXBuildFile; fileRef = AC3C8FF029AA0CD1009D3461 /* ImageModifier.swift */; };
		AC3C8FF529AA0EBD009D3461 /* ImageView.swift in Sources */ = {isa = PBXBuildFile; fileRef = AC3C8FF429AA0EBD009D3461 /* ImageView.swift */; };
		AC3C901529ACCF1A009D3461 /* MapView.swift in Sources */ = {isa = PBXBuildFile; fileRef = AC3C901429ACCF1A009D3461 /* MapView.swift */; };
		AC8B4D3F29963D12006DAB19 /* SocketMessageModel.swift in Sources */ = {isa = PBXBuildFile; fileRef = AC8B4D3E29963D12006DAB19 /* SocketMessageModel.swift */; };
		AC8B4D4129963DB0006DAB19 /* UserModel.swift in Sources */ = {isa = PBXBuildFile; fileRef = AC8B4D4029963DB0006DAB19 /* UserModel.swift */; };
		AC8D45DA2996187900A13BF1 /* SessionRequest.swift in Sources */ = {isa = PBXBuildFile; fileRef = AC8D45D92996187900A13BF1 /* SessionRequest.swift */; };
		AC9D525229A7838F00D34A48 /* CustomSpinner.swift in Sources */ = {isa = PBXBuildFile; fileRef = AC9D525129A7838F00D34A48 /* CustomSpinner.swift */; };
		AC9D525429A792C600D34A48 /* VideoPlayer.swift in Sources */ = {isa = PBXBuildFile; fileRef = AC9D525329A792C600D34A48 /* VideoPlayer.swift */; };
		AC9D525629A7980500D34A48 /* PlayersControlView.swift in Sources */ = {isa = PBXBuildFile; fileRef = AC9D525529A7980500D34A48 /* PlayersControlView.swift */; };
		AC9D525829A7A6AB00D34A48 /* CustomMapView.swift in Sources */ = {isa = PBXBuildFile; fileRef = AC9D525729A7A6AB00D34A48 /* CustomMapView.swift */; };
		ACA5D96E299A20AE000FF2BA /* SurveyRequestModel.swift in Sources */ = {isa = PBXBuildFile; fileRef = ACA5D96D299A20AE000FF2BA /* SurveyRequestModel.swift */; };
		ACA5D972299A6788000FF2BA /* MissingMessageModel.swift in Sources */ = {isa = PBXBuildFile; fileRef = ACA5D971299A6788000FF2BA /* MissingMessageModel.swift */; };
		ACA5D974299B9D95000FF2BA /* BottomSheetView.swift in Sources */ = {isa = PBXBuildFile; fileRef = ACA5D973299B9D95000FF2BA /* BottomSheetView.swift */; };
		ACA5D97A299C286D000FF2BA /* DocumentViewController.swift in Sources */ = {isa = PBXBuildFile; fileRef = ACA5D979299C286D000FF2BA /* DocumentViewController.swift */; };
		ACA5D97C299C28F5000FF2BA /* CameraViewController.swift in Sources */ = {isa = PBXBuildFile; fileRef = ACA5D97B299C28F5000FF2BA /* CameraViewController.swift */; };
		ACA5D989299E0152000FF2BA /* GalleryViewController.swift in Sources */ = {isa = PBXBuildFile; fileRef = ACA5D988299E0152000FF2BA /* GalleryViewController.swift */; };
		ACA5D98B299E1224000FF2BA /* FileUploadResponseModel.swift in Sources */ = {isa = PBXBuildFile; fileRef = ACA5D98A299E1224000FF2BA /* FileUploadResponseModel.swift */; };
		ACA5D98D299E1C25000FF2BA /* MultiPartRequest.swift in Sources */ = {isa = PBXBuildFile; fileRef = ACA5D98C299E1C25000FF2BA /* MultiPartRequest.swift */; };
		ACA5D98F299E86BF000FF2BA /* LocationMessageView.swift in Sources */ = {isa = PBXBuildFile; fileRef = ACA5D98E299E86BF000FF2BA /* LocationMessageView.swift */; };
		ACA5D992299F73E3000FF2BA /* MimeType.swift in Sources */ = {isa = PBXBuildFile; fileRef = ACA5D991299F73E3000FF2BA /* MimeType.swift */; };
		ACB8F4C429A8B6A6007B02EA /* ViewExtension.swift in Sources */ = {isa = PBXBuildFile; fileRef = ACB8F4C329A8B6A6007B02EA /* ViewExtension.swift */; };
/* End PBXBuildFile section */

/* Begin PBXFileReference section */
		AC2A6C9D2993C55800D53410 /* ExaironFramework.xcodeproj */ = {isa = PBXFileReference; lastKnownFileType = "wrapper.pb-project"; path = ExaironFramework.xcodeproj; sourceTree = "<group>"; };
		AC2A6CA32993C55800D53410 /* ChatViewModel.swift */ = {isa = PBXFileReference; lastKnownFileType = sourcecode.swift; path = ChatViewModel.swift; sourceTree = "<group>"; };
		AC2A6CA42993C55800D53410 /* FormViewModel.swift */ = {isa = PBXFileReference; lastKnownFileType = sourcecode.swift; path = FormViewModel.swift; sourceTree = "<group>"; };
		AC2A6CA52993C55800D53410 /* Localization.swift */ = {isa = PBXFileReference; lastKnownFileType = sourcecode.swift; path = Localization.swift; sourceTree = "<group>"; };
		AC2A6CA62993C55800D53410 /* Navigation.swift */ = {isa = PBXFileReference; lastKnownFileType = sourcecode.swift; path = Navigation.swift; sourceTree = "<group>"; };
		AC2A6CA72993C55800D53410 /* Assets.xcassets */ = {isa = PBXFileReference; lastKnownFileType = folder.assetcatalog; path = Assets.xcassets; sourceTree = "<group>"; };
		AC2A6CA92993C55800D53410 /* CustomerFormModel.swift */ = {isa = PBXFileReference; lastKnownFileType = sourcecode.swift; path = CustomerFormModel.swift; sourceTree = "<group>"; };
		AC2A6CAA2993C55800D53410 /* WidgetSettingsModel.swift */ = {isa = PBXFileReference; lastKnownFileType = sourcecode.swift; path = WidgetSettingsModel.swift; sourceTree = "<group>"; };
		AC2A6CAB2993C55800D53410 /* Message.swift */ = {isa = PBXFileReference; lastKnownFileType = sourcecode.swift; path = Message.swift; sourceTree = "<group>"; };
		AC2A6CB02993C55800D53410 /* AudioMessage.swift */ = {isa = PBXFileReference; lastKnownFileType = sourcecode.swift; path = AudioMessage.swift; sourceTree = "<group>"; };
		AC2A6CB12993C55800D53410 /* CarouselMessageView.swift */ = {isa = PBXFileReference; lastKnownFileType = sourcecode.swift; path = CarouselMessageView.swift; sourceTree = "<group>"; };
		AC2A6CB22993C55800D53410 /* ButtonMessageView.swift */ = {isa = PBXFileReference; lastKnownFileType = sourcecode.swift; path = ButtonMessageView.swift; sourceTree = "<group>"; };
		AC2A6CB32993C55800D53410 /* CarouselCardView.swift */ = {isa = PBXFileReference; lastKnownFileType = sourcecode.swift; path = CarouselCardView.swift; sourceTree = "<group>"; };
		AC2A6CB42993C55900D53410 /* SurveyView.swift */ = {isa = PBXFileReference; lastKnownFileType = sourcecode.swift; path = SurveyView.swift; sourceTree = "<group>"; };
		AC2A6CB52993C55900D53410 /* YoutubeVideoMessageView.swift */ = {isa = PBXFileReference; lastKnownFileType = sourcecode.swift; path = YoutubeVideoMessageView.swift; sourceTree = "<group>"; };
		AC2A6CB62993C55900D53410 /* VideoMessageView.swift */ = {isa = PBXFileReference; lastKnownFileType = sourcecode.swift; path = VideoMessageView.swift; sourceTree = "<group>"; };
		AC2A6CB72993C55900D53410 /* ImageMessageView.swift */ = {isa = PBXFileReference; lastKnownFileType = sourcecode.swift; path = ImageMessageView.swift; sourceTree = "<group>"; };
		AC2A6CB82993C55900D53410 /* TextMessageView.swift */ = {isa = PBXFileReference; lastKnownFileType = sourcecode.swift; path = TextMessageView.swift; sourceTree = "<group>"; };
		AC2A6CB92993C55900D53410 /* LocalVideoMessageView.swift */ = {isa = PBXFileReference; lastKnownFileType = sourcecode.swift; path = LocalVideoMessageView.swift; sourceTree = "<group>"; };
		AC2A6CBA2993C55900D53410 /* AudioMessageView.swift */ = {isa = PBXFileReference; lastKnownFileType = sourcecode.swift; path = AudioMessageView.swift; sourceTree = "<group>"; };
		AC2A6CBB2993C55900D53410 /* VimeoVideoMessageView.swift */ = {isa = PBXFileReference; lastKnownFileType = sourcecode.swift; path = VimeoVideoMessageView.swift; sourceTree = "<group>"; };
		AC2A6CBC2993C55900D53410 /* DocumentMessageView.swift */ = {isa = PBXFileReference; lastKnownFileType = sourcecode.swift; path = DocumentMessageView.swift; sourceTree = "<group>"; };
		AC2A6CBD2993C55900D53410 /* FormFieldView.swift */ = {isa = PBXFileReference; lastKnownFileType = sourcecode.swift; path = FormFieldView.swift; sourceTree = "<group>"; };
		AC2A6CBE2993C55900D53410 /* HeaderView.swift */ = {isa = PBXFileReference; lastKnownFileType = sourcecode.swift; path = HeaderView.swift; sourceTree = "<group>"; };
		AC2A6CBF2993C55900D53410 /* MessageTimeView.swift */ = {isa = PBXFileReference; lastKnownFileType = sourcecode.swift; path = MessageTimeView.swift; sourceTree = "<group>"; };
		AC2A6CC02993C55900D53410 /* ButtonStyle.swift */ = {isa = PBXFileReference; lastKnownFileType = sourcecode.swift; path = ButtonStyle.swift; sourceTree = "<group>"; };
		AC2A6CC12993C55900D53410 /* MessageView.swift */ = {isa = PBXFileReference; lastKnownFileType = sourcecode.swift; path = MessageView.swift; sourceTree = "<group>"; };
		AC2A6CC22993C55900D53410 /* Exairon.swift */ = {isa = PBXFileReference; lastKnownFileType = sourcecode.swift; path = Exairon.swift; sourceTree = "<group>"; };
		AC2A6CC32993C55900D53410 /* ViewRouter.swift */ = {isa = PBXFileReference; lastKnownFileType = sourcecode.swift; path = ViewRouter.swift; sourceTree = "<group>"; };
		AC2A6CC62993C55900D53410 /* FormView.swift */ = {isa = PBXFileReference; lastKnownFileType = sourcecode.swift; path = FormView.swift; sourceTree = "<group>"; };
		AC2A6CC72993C55900D53410 /* SplashView.swift */ = {isa = PBXFileReference; lastKnownFileType = sourcecode.swift; path = SplashView.swift; sourceTree = "<group>"; };
		AC2A6CC82993C55900D53410 /* MainView.swift */ = {isa = PBXFileReference; lastKnownFileType = sourcecode.swift; path = MainView.swift; sourceTree = "<group>"; };
		AC2A6CC92993C55900D53410 /* ChatView.swift */ = {isa = PBXFileReference; lastKnownFileType = sourcecode.swift; path = ChatView.swift; sourceTree = "<group>"; };
		AC2A6CCA2993C55900D53410 /* Color.swift */ = {isa = PBXFileReference; lastKnownFileType = sourcecode.swift; path = Color.swift; sourceTree = "<group>"; };
		AC2A6CCC2993C55900D53410 /* ApiService.swift */ = {isa = PBXFileReference; lastKnownFileType = sourcecode.swift; path = ApiService.swift; sourceTree = "<group>"; };
		AC2A6CCD2993C55900D53410 /* Podfile.lock */ = {isa = PBXFileReference; lastKnownFileType = text; path = Podfile.lock; sourceTree = "<group>"; };
		AC2A6CED2993E91500D53410 /* SocketService.swift */ = {isa = PBXFileReference; lastKnownFileType = sourcecode.swift; path = SocketService.swift; sourceTree = "<group>"; };
		AC3C8FF029AA0CD1009D3461 /* ImageModifier.swift */ = {isa = PBXFileReference; lastKnownFileType = sourcecode.swift; path = ImageModifier.swift; sourceTree = "<group>"; };
		AC3C8FF429AA0EBD009D3461 /* ImageView.swift */ = {isa = PBXFileReference; lastKnownFileType = sourcecode.swift; path = ImageView.swift; sourceTree = "<group>"; };
		AC3C901429ACCF1A009D3461 /* MapView.swift */ = {isa = PBXFileReference; lastKnownFileType = sourcecode.swift; path = MapView.swift; sourceTree = "<group>"; };
		AC8B24B2297EA1F80068AB80 /* ExaironFramework.framework */ = {isa = PBXFileReference; explicitFileType = wrapper.framework; includeInIndex = 0; path = ExaironFramework.framework; sourceTree = BUILT_PRODUCTS_DIR; };
		AC8B4D3E29963D12006DAB19 /* SocketMessageModel.swift */ = {isa = PBXFileReference; lastKnownFileType = sourcecode.swift; path = SocketMessageModel.swift; sourceTree = "<group>"; };
		AC8B4D4029963DB0006DAB19 /* UserModel.swift */ = {isa = PBXFileReference; lastKnownFileType = sourcecode.swift; path = UserModel.swift; sourceTree = "<group>"; };
		AC8D45D92996187900A13BF1 /* SessionRequest.swift */ = {isa = PBXFileReference; lastKnownFileType = sourcecode.swift; path = SessionRequest.swift; sourceTree = "<group>"; };
		AC9D525129A7838F00D34A48 /* CustomSpinner.swift */ = {isa = PBXFileReference; lastKnownFileType = sourcecode.swift; path = CustomSpinner.swift; sourceTree = "<group>"; };
		AC9D525329A792C600D34A48 /* VideoPlayer.swift */ = {isa = PBXFileReference; lastKnownFileType = sourcecode.swift; path = VideoPlayer.swift; sourceTree = "<group>"; };
		AC9D525529A7980500D34A48 /* PlayersControlView.swift */ = {isa = PBXFileReference; lastKnownFileType = sourcecode.swift; path = PlayersControlView.swift; sourceTree = "<group>"; };
		AC9D525729A7A6AB00D34A48 /* CustomMapView.swift */ = {isa = PBXFileReference; lastKnownFileType = sourcecode.swift; path = CustomMapView.swift; sourceTree = "<group>"; };
		ACA5D96D299A20AE000FF2BA /* SurveyRequestModel.swift */ = {isa = PBXFileReference; lastKnownFileType = sourcecode.swift; path = SurveyRequestModel.swift; sourceTree = "<group>"; };
		ACA5D971299A6788000FF2BA /* MissingMessageModel.swift */ = {isa = PBXFileReference; lastKnownFileType = sourcecode.swift; path = MissingMessageModel.swift; sourceTree = "<group>"; };
		ACA5D973299B9D95000FF2BA /* BottomSheetView.swift */ = {isa = PBXFileReference; lastKnownFileType = sourcecode.swift; path = BottomSheetView.swift; sourceTree = "<group>"; };
		ACA5D979299C286D000FF2BA /* DocumentViewController.swift */ = {isa = PBXFileReference; lastKnownFileType = sourcecode.swift; path = DocumentViewController.swift; sourceTree = "<group>"; };
		ACA5D97B299C28F5000FF2BA /* CameraViewController.swift */ = {isa = PBXFileReference; lastKnownFileType = sourcecode.swift; path = CameraViewController.swift; sourceTree = "<group>"; };
		ACA5D988299E0152000FF2BA /* GalleryViewController.swift */ = {isa = PBXFileReference; lastKnownFileType = sourcecode.swift; path = GalleryViewController.swift; sourceTree = "<group>"; };
		ACA5D98A299E1224000FF2BA /* FileUploadResponseModel.swift */ = {isa = PBXFileReference; lastKnownFileType = sourcecode.swift; path = FileUploadResponseModel.swift; sourceTree = "<group>"; };
		ACA5D98C299E1C25000FF2BA /* MultiPartRequest.swift */ = {isa = PBXFileReference; lastKnownFileType = sourcecode.swift; path = MultiPartRequest.swift; sourceTree = "<group>"; };
		ACA5D98E299E86BF000FF2BA /* LocationMessageView.swift */ = {isa = PBXFileReference; lastKnownFileType = sourcecode.swift; path = LocationMessageView.swift; sourceTree = "<group>"; };
		ACA5D991299F73E3000FF2BA /* MimeType.swift */ = {isa = PBXFileReference; lastKnownFileType = sourcecode.swift; path = MimeType.swift; sourceTree = "<group>"; };
		ACB8F4C329A8B6A6007B02EA /* ViewExtension.swift */ = {isa = PBXFileReference; lastKnownFileType = sourcecode.swift; path = ViewExtension.swift; sourceTree = "<group>"; };
/* End PBXFileReference section */

/* Begin PBXFrameworksBuildPhase section */
		AC8B24AF297EA1F80068AB80 /* Frameworks */ = {
			isa = PBXFrameworksBuildPhase;
			buildActionMask = 2147483647;
			files = (
			);
			runOnlyForDeploymentPostprocessing = 0;
		};
/* End PBXFrameworksBuildPhase section */

/* Begin PBXGroup section */
		AC2A6C9E2993C55800D53410 /* Products */ = {
			isa = PBXGroup;
			name = Products;
			sourceTree = "<group>";
		};
		AC2A6CA12993C55800D53410 /* ExaironFramework */ = {
			isa = PBXGroup;
			children = (
				ACA5D990299F73C7000FF2BA /* Helpers */,
				ACA5D978299C282F000FF2BA /* ViewController */,
				AC2A6CA22993C55800D53410 /* ViewModels */,
				AC2A6CA52993C55800D53410 /* Localization.swift */,
				AC2A6CA62993C55800D53410 /* Navigation.swift */,
				AC2A6CA72993C55800D53410 /* Assets.xcassets */,
				AC2A6CA82993C55800D53410 /* Models */,
				AC2A6CAE2993C55800D53410 /* Components */,
				AC2A6CC22993C55900D53410 /* Exairon.swift */,
				AC2A6CC32993C55900D53410 /* ViewRouter.swift */,
				AC2A6CC42993C55900D53410 /* Views */,
				AC2A6CCA2993C55900D53410 /* Color.swift */,
				AC2A6CCB2993C55900D53410 /* Services */,
			);
			path = ExaironFramework;
			sourceTree = "<group>";
		};
		AC2A6CA22993C55800D53410 /* ViewModels */ = {
			isa = PBXGroup;
			children = (
				AC2A6CA32993C55800D53410 /* ChatViewModel.swift */,
				AC2A6CA42993C55800D53410 /* FormViewModel.swift */,
			);
			path = ViewModels;
			sourceTree = "<group>";
		};
		AC2A6CA82993C55800D53410 /* Models */ = {
			isa = PBXGroup;
			children = (
				AC2A6CA92993C55800D53410 /* CustomerFormModel.swift */,
				AC2A6CAA2993C55800D53410 /* WidgetSettingsModel.swift */,
				AC2A6CAB2993C55800D53410 /* Message.swift */,
				AC8D45D92996187900A13BF1 /* SessionRequest.swift */,
				AC8B4D3E29963D12006DAB19 /* SocketMessageModel.swift */,
				AC8B4D4029963DB0006DAB19 /* UserModel.swift */,
				ACA5D96D299A20AE000FF2BA /* SurveyRequestModel.swift */,
				ACA5D971299A6788000FF2BA /* MissingMessageModel.swift */,
				ACA5D98A299E1224000FF2BA /* FileUploadResponseModel.swift */,
			);
			path = Models;
			sourceTree = "<group>";
		};
		AC2A6CAE2993C55800D53410 /* Components */ = {
			isa = PBXGroup;
			children = (
				AC2A6CAF2993C55800D53410 /* Messages */,
				AC2A6CBD2993C55900D53410 /* FormFieldView.swift */,
				AC2A6CBE2993C55900D53410 /* HeaderView.swift */,
				AC2A6CBF2993C55900D53410 /* MessageTimeView.swift */,
				AC2A6CC02993C55900D53410 /* ButtonStyle.swift */,
				AC2A6CC12993C55900D53410 /* MessageView.swift */,
				ACA5D973299B9D95000FF2BA /* BottomSheetView.swift */,
				AC9D525129A7838F00D34A48 /* CustomSpinner.swift */,
				AC3C901429ACCF1A009D3461 /* MapView.swift */,
			);
			path = Components;
			sourceTree = "<group>";
		};
		AC2A6CAF2993C55800D53410 /* Messages */ = {
			isa = PBXGroup;
			children = (
				AC2A6CB02993C55800D53410 /* AudioMessage.swift */,
				AC2A6CB12993C55800D53410 /* CarouselMessageView.swift */,
				AC2A6CB22993C55800D53410 /* ButtonMessageView.swift */,
				AC2A6CB32993C55800D53410 /* CarouselCardView.swift */,
				AC2A6CB42993C55900D53410 /* SurveyView.swift */,
				AC2A6CB52993C55900D53410 /* YoutubeVideoMessageView.swift */,
				AC2A6CB62993C55900D53410 /* VideoMessageView.swift */,
				AC2A6CB72993C55900D53410 /* ImageMessageView.swift */,
				AC2A6CB82993C55900D53410 /* TextMessageView.swift */,
				AC2A6CB92993C55900D53410 /* LocalVideoMessageView.swift */,
				AC2A6CBA2993C55900D53410 /* AudioMessageView.swift */,
				AC2A6CBB2993C55900D53410 /* VimeoVideoMessageView.swift */,
				AC2A6CBC2993C55900D53410 /* DocumentMessageView.swift */,
				ACA5D98E299E86BF000FF2BA /* LocationMessageView.swift */,
			);
			path = Messages;
			sourceTree = "<group>";
		};
		AC2A6CC42993C55900D53410 /* Views */ = {
			isa = PBXGroup;
			children = (
				AC2A6CC62993C55900D53410 /* FormView.swift */,
				AC2A6CC72993C55900D53410 /* SplashView.swift */,
				AC2A6CC82993C55900D53410 /* MainView.swift */,
				AC2A6CC92993C55900D53410 /* ChatView.swift */,
				AC3C8FF429AA0EBD009D3461 /* ImageView.swift */,
			);
			path = Views;
			sourceTree = "<group>";
		};
		AC2A6CCB2993C55900D53410 /* Services */ = {
			isa = PBXGroup;
			children = (
				AC2A6CCC2993C55900D53410 /* ApiService.swift */,
				AC2A6CED2993E91500D53410 /* SocketService.swift */,
			);
			path = Services;
			sourceTree = "<group>";
		};
		AC8B24A8297EA1F80068AB80 = {
			isa = PBXGroup;
			children = (
				AC2A6CA12993C55800D53410 /* ExaironFramework */,
				AC2A6C9D2993C55800D53410 /* ExaironFramework.xcodeproj */,
				AC2A6CCD2993C55900D53410 /* Podfile.lock */,
				AC8B24B3297EA1F80068AB80 /* Products */,
				ACB8F4D329A8F74E007B02EA /* Frameworks */,
			);
			sourceTree = "<group>";
		};
		AC8B24B3297EA1F80068AB80 /* Products */ = {
			isa = PBXGroup;
			children = (
				AC8B24B2297EA1F80068AB80 /* ExaironFramework.framework */,
			);
			name = Products;
			sourceTree = "<group>";
		};
		ACA5D978299C282F000FF2BA /* ViewController */ = {
			isa = PBXGroup;
			children = (
				ACA5D979299C286D000FF2BA /* DocumentViewController.swift */,
				ACA5D97B299C28F5000FF2BA /* CameraViewController.swift */,
				ACA5D988299E0152000FF2BA /* GalleryViewController.swift */,
				AC9D525329A792C600D34A48 /* VideoPlayer.swift */,
				AC9D525529A7980500D34A48 /* PlayersControlView.swift */,
			);
			path = ViewController;
			sourceTree = "<group>";
		};
		ACA5D990299F73C7000FF2BA /* Helpers */ = {
			isa = PBXGroup;
			children = (
				ACA5D98C299E1C25000FF2BA /* MultiPartRequest.swift */,
				ACA5D991299F73E3000FF2BA /* MimeType.swift */,
				AC9D525729A7A6AB00D34A48 /* CustomMapView.swift */,
				ACB8F4C329A8B6A6007B02EA /* ViewExtension.swift */,
				AC3C8FF029AA0CD1009D3461 /* ImageModifier.swift */,
			);
			path = Helpers;
			sourceTree = "<group>";
		};
		ACB8F4D329A8F74E007B02EA /* Frameworks */ = {
			isa = PBXGroup;
			children = (
			);
			name = Frameworks;
			sourceTree = "<group>";
		};
/* End PBXGroup section */

/* Begin PBXHeadersBuildPhase section */
		AC8B24AD297EA1F80068AB80 /* Headers */ = {
			isa = PBXHeadersBuildPhase;
			buildActionMask = 2147483647;
			files = (
			);
			runOnlyForDeploymentPostprocessing = 0;
		};
/* End PBXHeadersBuildPhase section */

/* Begin PBXNativeTarget section */
		AC8B24B1297EA1F80068AB80 /* ExaironFramework */ = {
			isa = PBXNativeTarget;
			buildConfigurationList = AC8B24B9297EA1F80068AB80 /* Build configuration list for PBXNativeTarget "ExaironFramework" */;
			buildPhases = (
				AC8B24AD297EA1F80068AB80 /* Headers */,
				AC8B24AE297EA1F80068AB80 /* Sources */,
				AC8B24AF297EA1F80068AB80 /* Frameworks */,
				AC8B24B0297EA1F80068AB80 /* Resources */,
			);
			buildRules = (
			);
			dependencies = (
			);
			name = ExaironFramework;
			productName = ExaironFramework;
			productReference = AC8B24B2297EA1F80068AB80 /* ExaironFramework.framework */;
			productType = "com.apple.product-type.framework";
		};
/* End PBXNativeTarget section */

/* Begin PBXProject section */
		AC8B24A9297EA1F80068AB80 /* Project object */ = {
			isa = PBXProject;
			attributes = {
				BuildIndependentTargetsInParallel = 1;
				LastUpgradeCheck = 1420;
				TargetAttributes = {
					AC8B24B1297EA1F80068AB80 = {
						CreatedOnToolsVersion = 14.2;
						LastSwiftMigration = 1420;
					};
				};
			};
			buildConfigurationList = AC8B24AC297EA1F80068AB80 /* Build configuration list for PBXProject "ExaironFramework" */;
			compatibilityVersion = "Xcode 14.0";
			developmentRegion = en;
			hasScannedForEncodings = 0;
			knownRegions = (
				en,
				Base,
			);
			mainGroup = AC8B24A8297EA1F80068AB80;
			productRefGroup = AC8B24B3297EA1F80068AB80 /* Products */;
			projectDirPath = "";
			projectReferences = (
				{
					ProductGroup = AC2A6C9E2993C55800D53410 /* Products */;
					ProjectRef = AC2A6C9D2993C55800D53410 /* ExaironFramework.xcodeproj */;
				},
			);
			projectRoot = "";
			targets = (
				AC8B24B1297EA1F80068AB80 /* ExaironFramework */,
			);
		};
/* End PBXProject section */

/* Begin PBXResourcesBuildPhase section */
		AC8B24B0297EA1F80068AB80 /* Resources */ = {
			isa = PBXResourcesBuildPhase;
			buildActionMask = 2147483647;
			files = (
			);
			runOnlyForDeploymentPostprocessing = 0;
		};
/* End PBXResourcesBuildPhase section */

/* Begin PBXSourcesBuildPhase section */
		AC8B24AE297EA1F80068AB80 /* Sources */ = {
			isa = PBXSourcesBuildPhase;
			buildActionMask = 2147483647;
			files = (
				ACA5D97C299C28F5000FF2BA /* CameraViewController.swift in Sources */,
				ACA5D98B299E1224000FF2BA /* FileUploadResponseModel.swift in Sources */,
				ACA5D98D299E1C25000FF2BA /* MultiPartRequest.swift in Sources */,
				AC3C901529ACCF1A009D3461 /* MapView.swift in Sources */,
				AC9D525629A7980500D34A48 /* PlayersControlView.swift in Sources */,
				ACA5D98F299E86BF000FF2BA /* LocationMessageView.swift in Sources */,
				ACA5D972299A6788000FF2BA /* MissingMessageModel.swift in Sources */,
				AC9D525229A7838F00D34A48 /* CustomSpinner.swift in Sources */,
				ACA5D974299B9D95000FF2BA /* BottomSheetView.swift in Sources */,
				ACA5D96E299A20AE000FF2BA /* SurveyRequestModel.swift in Sources */,
				AC9D525429A792C600D34A48 /* VideoPlayer.swift in Sources */,
				AC8B4D3F29963D12006DAB19 /* SocketMessageModel.swift in Sources */,
				ACA5D992299F73E3000FF2BA /* MimeType.swift in Sources */,
				AC3C8FF529AA0EBD009D3461 /* ImageView.swift in Sources */,
				AC8D45DA2996187900A13BF1 /* SessionRequest.swift in Sources */,
				ACA5D97A299C286D000FF2BA /* DocumentViewController.swift in Sources */,
				ACB8F4C429A8B6A6007B02EA /* ViewExtension.swift in Sources */,
				AC8B4D4129963DB0006DAB19 /* UserModel.swift in Sources */,
				AC3C8FF129AA0CD1009D3461 /* ImageModifier.swift in Sources */,
				ACA5D989299E0152000FF2BA /* GalleryViewController.swift in Sources */,
				AC9D525829A7A6AB00D34A48 /* CustomMapView.swift in Sources */,
				AC2A6CEE2993E91500D53410 /* SocketService.swift in Sources */,
			);
			runOnlyForDeploymentPostprocessing = 0;
		};
/* End PBXSourcesBuildPhase section */

/* Begin XCBuildConfiguration section */
		AC8B24B7297EA1F80068AB80 /* Debug */ = {
			isa = XCBuildConfiguration;
			buildSettings = {
				ALWAYS_SEARCH_USER_PATHS = NO;
				CLANG_ANALYZER_NONNULL = YES;
				CLANG_ANALYZER_NUMBER_OBJECT_CONVERSION = YES_AGGRESSIVE;
				CLANG_CXX_LANGUAGE_STANDARD = "gnu++20";
				CLANG_ENABLE_MODULES = YES;
				CLANG_ENABLE_OBJC_ARC = YES;
				CLANG_ENABLE_OBJC_WEAK = YES;
				CLANG_WARN_BLOCK_CAPTURE_AUTORELEASING = YES;
				CLANG_WARN_BOOL_CONVERSION = YES;
				CLANG_WARN_COMMA = YES;
				CLANG_WARN_CONSTANT_CONVERSION = YES;
				CLANG_WARN_DEPRECATED_OBJC_IMPLEMENTATIONS = YES;
				CLANG_WARN_DIRECT_OBJC_ISA_USAGE = YES_ERROR;
				CLANG_WARN_DOCUMENTATION_COMMENTS = YES;
				CLANG_WARN_EMPTY_BODY = YES;
				CLANG_WARN_ENUM_CONVERSION = YES;
				CLANG_WARN_INFINITE_RECURSION = YES;
				CLANG_WARN_INT_CONVERSION = YES;
				CLANG_WARN_NON_LITERAL_NULL_CONVERSION = YES;
				CLANG_WARN_OBJC_IMPLICIT_RETAIN_SELF = YES;
				CLANG_WARN_OBJC_LITERAL_CONVERSION = YES;
				CLANG_WARN_OBJC_ROOT_CLASS = YES_ERROR;
				CLANG_WARN_QUOTED_INCLUDE_IN_FRAMEWORK_HEADER = YES;
				CLANG_WARN_RANGE_LOOP_ANALYSIS = YES;
				CLANG_WARN_STRICT_PROTOTYPES = YES;
				CLANG_WARN_SUSPICIOUS_MOVE = YES;
				CLANG_WARN_UNGUARDED_AVAILABILITY = YES_AGGRESSIVE;
				CLANG_WARN_UNREACHABLE_CODE = YES;
				CLANG_WARN__DUPLICATE_METHOD_MATCH = YES;
				COPY_PHASE_STRIP = NO;
				CURRENT_PROJECT_VERSION = 1;
				DEBUG_INFORMATION_FORMAT = dwarf;
				ENABLE_STRICT_OBJC_MSGSEND = YES;
				ENABLE_TESTABILITY = YES;
				GCC_C_LANGUAGE_STANDARD = gnu11;
				GCC_DYNAMIC_NO_PIC = NO;
				GCC_NO_COMMON_BLOCKS = YES;
				GCC_OPTIMIZATION_LEVEL = 0;
				GCC_PREPROCESSOR_DEFINITIONS = (
					"DEBUG=1",
					"$(inherited)",
				);
				GCC_WARN_64_TO_32_BIT_CONVERSION = YES;
				GCC_WARN_ABOUT_RETURN_TYPE = YES_ERROR;
				GCC_WARN_UNDECLARED_SELECTOR = YES;
				GCC_WARN_UNINITIALIZED_AUTOS = YES_AGGRESSIVE;
				GCC_WARN_UNUSED_FUNCTION = YES;
				GCC_WARN_UNUSED_VARIABLE = YES;
				IPHONEOS_DEPLOYMENT_TARGET = 13.0;
				MTL_ENABLE_DEBUG_INFO = INCLUDE_SOURCE;
				MTL_FAST_MATH = YES;
				ONLY_ACTIVE_ARCH = YES;
				SDKROOT = iphoneos;
				SWIFT_ACTIVE_COMPILATION_CONDITIONS = DEBUG;
				SWIFT_OPTIMIZATION_LEVEL = "-Onone";
				VERSIONING_SYSTEM = "apple-generic";
				VERSION_INFO_PREFIX = "";
			};
			name = Debug;
		};
		AC8B24B8297EA1F80068AB80 /* Release */ = {
			isa = XCBuildConfiguration;
			buildSettings = {
				ALWAYS_SEARCH_USER_PATHS = NO;
				CLANG_ANALYZER_NONNULL = YES;
				CLANG_ANALYZER_NUMBER_OBJECT_CONVERSION = YES_AGGRESSIVE;
				CLANG_CXX_LANGUAGE_STANDARD = "gnu++20";
				CLANG_ENABLE_MODULES = YES;
				CLANG_ENABLE_OBJC_ARC = YES;
				CLANG_ENABLE_OBJC_WEAK = YES;
				CLANG_WARN_BLOCK_CAPTURE_AUTORELEASING = YES;
				CLANG_WARN_BOOL_CONVERSION = YES;
				CLANG_WARN_COMMA = YES;
				CLANG_WARN_CONSTANT_CONVERSION = YES;
				CLANG_WARN_DEPRECATED_OBJC_IMPLEMENTATIONS = YES;
				CLANG_WARN_DIRECT_OBJC_ISA_USAGE = YES_ERROR;
				CLANG_WARN_DOCUMENTATION_COMMENTS = YES;
				CLANG_WARN_EMPTY_BODY = YES;
				CLANG_WARN_ENUM_CONVERSION = YES;
				CLANG_WARN_INFINITE_RECURSION = YES;
				CLANG_WARN_INT_CONVERSION = YES;
				CLANG_WARN_NON_LITERAL_NULL_CONVERSION = YES;
				CLANG_WARN_OBJC_IMPLICIT_RETAIN_SELF = YES;
				CLANG_WARN_OBJC_LITERAL_CONVERSION = YES;
				CLANG_WARN_OBJC_ROOT_CLASS = YES_ERROR;
				CLANG_WARN_QUOTED_INCLUDE_IN_FRAMEWORK_HEADER = YES;
				CLANG_WARN_RANGE_LOOP_ANALYSIS = YES;
				CLANG_WARN_STRICT_PROTOTYPES = YES;
				CLANG_WARN_SUSPICIOUS_MOVE = YES;
				CLANG_WARN_UNGUARDED_AVAILABILITY = YES_AGGRESSIVE;
				CLANG_WARN_UNREACHABLE_CODE = YES;
				CLANG_WARN__DUPLICATE_METHOD_MATCH = YES;
				COPY_PHASE_STRIP = NO;
				CURRENT_PROJECT_VERSION = 1;
				DEBUG_INFORMATION_FORMAT = "dwarf-with-dsym";
				ENABLE_NS_ASSERTIONS = NO;
				ENABLE_STRICT_OBJC_MSGSEND = YES;
				GCC_C_LANGUAGE_STANDARD = gnu11;
				GCC_NO_COMMON_BLOCKS = YES;
				GCC_WARN_64_TO_32_BIT_CONVERSION = YES;
				GCC_WARN_ABOUT_RETURN_TYPE = YES_ERROR;
				GCC_WARN_UNDECLARED_SELECTOR = YES;
				GCC_WARN_UNINITIALIZED_AUTOS = YES_AGGRESSIVE;
				GCC_WARN_UNUSED_FUNCTION = YES;
				GCC_WARN_UNUSED_VARIABLE = YES;
				IPHONEOS_DEPLOYMENT_TARGET = 13.0;
				MTL_ENABLE_DEBUG_INFO = NO;
				MTL_FAST_MATH = YES;
				SDKROOT = iphoneos;
				SWIFT_COMPILATION_MODE = wholemodule;
				SWIFT_OPTIMIZATION_LEVEL = "-O";
				VALIDATE_PRODUCT = YES;
				VERSIONING_SYSTEM = "apple-generic";
				VERSION_INFO_PREFIX = "";
			};
			name = Release;
		};
		AC8B24BA297EA1F80068AB80 /* Debug */ = {
			isa = XCBuildConfiguration;
			buildSettings = {
				CLANG_ENABLE_MODULES = YES;
				CODE_SIGN_STYLE = Automatic;
				CURRENT_PROJECT_VERSION = 1;
				DEFINES_MODULE = YES;
				DYLIB_COMPATIBILITY_VERSION = 1;
				DYLIB_CURRENT_VERSION = 1;
				DYLIB_INSTALL_NAME_BASE = "@rpath";
				GENERATE_INFOPLIST_FILE = YES;
				INFOPLIST_FILE = ExaironFramework/Info.plist;
				INFOPLIST_KEY_NSCameraUsageDescription = "";
				INFOPLIST_KEY_NSHumanReadableCopyright = "";
				INFOPLIST_KEY_NSLocationWhenInUseUsageDescription = "This app needs your location to show it on the map.";
				INSTALL_PATH = "$(LOCAL_LIBRARY_DIR)/Frameworks";
				IPHONEOS_DEPLOYMENT_TARGET = 13.0;
				LD_RUNPATH_SEARCH_PATHS = (
					"$(inherited)",
					"@executable_path/Frameworks",
					"@loader_path/Frameworks",
				);
				MARKETING_VERSION = 1.0;
				PRODUCT_BUNDLE_IDENTIFIER = Exairon.ExaironFramework;
				PRODUCT_NAME = "$(TARGET_NAME:c99extidentifier)";
				SKIP_INSTALL = YES;
				SWIFT_EMIT_LOC_STRINGS = YES;
				SWIFT_OPTIMIZATION_LEVEL = "-Onone";
				SWIFT_VERSION = 5.0;
				TARGETED_DEVICE_FAMILY = "1,2";
			};
			name = Debug;
		};
		AC8B24BB297EA1F80068AB80 /* Release */ = {
			isa = XCBuildConfiguration;
			buildSettings = {
				CLANG_ENABLE_MODULES = YES;
				CODE_SIGN_STYLE = Automatic;
				CURRENT_PROJECT_VERSION = 1;
				DEFINES_MODULE = YES;
				DYLIB_COMPATIBILITY_VERSION = 1;
				DYLIB_CURRENT_VERSION = 1;
				DYLIB_INSTALL_NAME_BASE = "@rpath";
				GENERATE_INFOPLIST_FILE = YES;
				INFOPLIST_FILE = ExaironFramework/Info.plist;
				INFOPLIST_KEY_NSCameraUsageDescription = "";
				INFOPLIST_KEY_NSHumanReadableCopyright = "";
				INFOPLIST_KEY_NSLocationWhenInUseUsageDescription = "This app needs your location to show it on the map.";
				INSTALL_PATH = "$(LOCAL_LIBRARY_DIR)/Frameworks";
				IPHONEOS_DEPLOYMENT_TARGET = 13.0;
				LD_RUNPATH_SEARCH_PATHS = (
					"$(inherited)",
					"@executable_path/Frameworks",
					"@loader_path/Frameworks",
				);
				MARKETING_VERSION = 1.0;
				PRODUCT_BUNDLE_IDENTIFIER = Exairon.ExaironFramework;
				PRODUCT_NAME = "$(TARGET_NAME:c99extidentifier)";
				SKIP_INSTALL = YES;
				SWIFT_EMIT_LOC_STRINGS = YES;
				SWIFT_VERSION = 5.0;
				TARGETED_DEVICE_FAMILY = "1,2";
			};
			name = Release;
		};
		AC97F72329A4BA3B006DACC9 /* Release copy */ = {
			isa = XCBuildConfiguration;
			buildSettings = {
				ALWAYS_SEARCH_USER_PATHS = NO;
				CLANG_ANALYZER_NONNULL = YES;
				CLANG_ANALYZER_NUMBER_OBJECT_CONVERSION = YES_AGGRESSIVE;
				CLANG_CXX_LANGUAGE_STANDARD = "gnu++20";
				CLANG_ENABLE_MODULES = YES;
				CLANG_ENABLE_OBJC_ARC = YES;
				CLANG_ENABLE_OBJC_WEAK = YES;
				CLANG_WARN_BLOCK_CAPTURE_AUTORELEASING = YES;
				CLANG_WARN_BOOL_CONVERSION = YES;
				CLANG_WARN_COMMA = YES;
				CLANG_WARN_CONSTANT_CONVERSION = YES;
				CLANG_WARN_DEPRECATED_OBJC_IMPLEMENTATIONS = YES;
				CLANG_WARN_DIRECT_OBJC_ISA_USAGE = YES_ERROR;
				CLANG_WARN_DOCUMENTATION_COMMENTS = YES;
				CLANG_WARN_EMPTY_BODY = YES;
				CLANG_WARN_ENUM_CONVERSION = YES;
				CLANG_WARN_INFINITE_RECURSION = YES;
				CLANG_WARN_INT_CONVERSION = YES;
				CLANG_WARN_NON_LITERAL_NULL_CONVERSION = YES;
				CLANG_WARN_OBJC_IMPLICIT_RETAIN_SELF = YES;
				CLANG_WARN_OBJC_LITERAL_CONVERSION = YES;
				CLANG_WARN_OBJC_ROOT_CLASS = YES_ERROR;
				CLANG_WARN_QUOTED_INCLUDE_IN_FRAMEWORK_HEADER = YES;
				CLANG_WARN_RANGE_LOOP_ANALYSIS = YES;
				CLANG_WARN_STRICT_PROTOTYPES = YES;
				CLANG_WARN_SUSPICIOUS_MOVE = YES;
				CLANG_WARN_UNGUARDED_AVAILABILITY = YES_AGGRESSIVE;
				CLANG_WARN_UNREACHABLE_CODE = YES;
				CLANG_WARN__DUPLICATE_METHOD_MATCH = YES;
				COPY_PHASE_STRIP = NO;
				CURRENT_PROJECT_VERSION = 1;
				DEBUG_INFORMATION_FORMAT = "dwarf-with-dsym";
				ENABLE_NS_ASSERTIONS = NO;
				ENABLE_STRICT_OBJC_MSGSEND = YES;
				GCC_C_LANGUAGE_STANDARD = gnu11;
				GCC_NO_COMMON_BLOCKS = YES;
				GCC_WARN_64_TO_32_BIT_CONVERSION = YES;
				GCC_WARN_ABOUT_RETURN_TYPE = YES_ERROR;
				GCC_WARN_UNDECLARED_SELECTOR = YES;
				GCC_WARN_UNINITIALIZED_AUTOS = YES_AGGRESSIVE;
				GCC_WARN_UNUSED_FUNCTION = YES;
				GCC_WARN_UNUSED_VARIABLE = YES;
				IPHONEOS_DEPLOYMENT_TARGET = 13.0;
				MTL_ENABLE_DEBUG_INFO = NO;
				MTL_FAST_MATH = YES;
				SDKROOT = iphoneos;
				SWIFT_COMPILATION_MODE = wholemodule;
				SWIFT_OPTIMIZATION_LEVEL = "-O";
				VALIDATE_PRODUCT = YES;
				VERSIONING_SYSTEM = "apple-generic";
				VERSION_INFO_PREFIX = "";
			};
			name = "Release copy";
		};
		AC97F72429A4BA3B006DACC9 /* Release copy */ = {
			isa = XCBuildConfiguration;
			buildSettings = {
				CLANG_ENABLE_MODULES = YES;
				CODE_SIGN_STYLE = Automatic;
				CURRENT_PROJECT_VERSION = 1;
				DEFINES_MODULE = YES;
				DYLIB_COMPATIBILITY_VERSION = 1;
				DYLIB_CURRENT_VERSION = 1;
				DYLIB_INSTALL_NAME_BASE = "@rpath";
				GENERATE_INFOPLIST_FILE = YES;
				INFOPLIST_FILE = ExaironFramework/Info.plist;
				INFOPLIST_KEY_NSCameraUsageDescription = "";
				INFOPLIST_KEY_NSHumanReadableCopyright = "";
				INFOPLIST_KEY_NSLocationWhenInUseUsageDescription = "This app needs your location to show it on the map.";
				INSTALL_PATH = "$(LOCAL_LIBRARY_DIR)/Frameworks";
				IPHONEOS_DEPLOYMENT_TARGET = 13.0;
				LD_RUNPATH_SEARCH_PATHS = (
					"$(inherited)",
					"@executable_path/Frameworks",
					"@loader_path/Frameworks",
				);
				MARKETING_VERSION = 1.0;
				PRODUCT_BUNDLE_IDENTIFIER = Exairon.ExaironFramework;
				PRODUCT_NAME = "$(TARGET_NAME:c99extidentifier)";
				SKIP_INSTALL = YES;
				SWIFT_EMIT_LOC_STRINGS = YES;
				SWIFT_VERSION = 5.0;
				TARGETED_DEVICE_FAMILY = "1,2";
			};
			name = "Release copy";
		};
/* End XCBuildConfiguration section */

/* Begin XCConfigurationList section */
		AC8B24AC297EA1F80068AB80 /* Build configuration list for PBXProject "ExaironFramework" */ = {
			isa = XCConfigurationList;
			buildConfigurations = (
				AC8B24B7297EA1F80068AB80 /* Debug */,
				AC8B24B8297EA1F80068AB80 /* Release */,
				AC97F72329A4BA3B006DACC9 /* Release copy */,
			);
			defaultConfigurationIsVisible = 0;
			defaultConfigurationName = Release;
		};
		AC8B24B9297EA1F80068AB80 /* Build configuration list for PBXNativeTarget "ExaironFramework" */ = {
			isa = XCConfigurationList;
			buildConfigurations = (
				AC8B24BA297EA1F80068AB80 /* Debug */,
				AC8B24BB297EA1F80068AB80 /* Release */,
				AC97F72429A4BA3B006DACC9 /* Release copy */,
			);
			defaultConfigurationIsVisible = 0;
			defaultConfigurationName = Release;
		};
/* End XCConfigurationList section */
	};
	rootObject = AC8B24A9297EA1F80068AB80 /* Project object */;
}
